lockfileVersion: '9.0'

settings:
  autoInstallPeers: true
  excludeLinksFromLockfile: false

importers:

  .:
    dependencies:
      cie-rgb-color-converter:
        specifier: ^1.0.6
        version: 1.0.6
      eventsource:
        specifier: ^3.0.1
        version: 3.0.1
      undici:
        specifier: ^7.1.0
        version: 7.1.0
      uuid:
        specifier: ^11.0.3
        version: 11.0.3
    devDependencies:
      '@types/cie-rgb-color-converter':
        specifier: ^1.0.0
        version: 1.0.0
      typescript:
        specifier: ^5.7.2
        version: 5.7.2

packages:

  '@types/cie-rgb-color-converter@1.0.0':
    resolution: {integrity: sha512-ZeLsd/aV0ziQQMEsGCRbHU1uNK60jUYK6fxLqIb4znVpg2tCpcD6/w5sRRuytq58YvnPgjvxFJFTJlEijUOkSQ==}

  cie-rgb-color-converter@1.0.6:
    resolution: {integrity: sha512-ox9KQRf1i8jFhE1d0cZGwGLyRWy03oFLUhXqr9XrD4XACNezejiarj/4VZnYcYHOifQcmY/JIC0HB1Nkv+nFZQ==}

  eventsource-parser@3.0.0:
    resolution: {integrity: sha512-T1C0XCUimhxVQzW4zFipdx0SficT651NnkR0ZSH3yQwh+mFMdLfgjABVi4YtMTtaL4s168593DaoaRLMqryavA==}
    engines: {node: '>=18.0.0'}

  eventsource@3.0.1:
    resolution: {integrity: sha512-tyGtsrTc9fi+N5qFU6G2MLjcBbsdCOQ/QE9Cc96Mt6q02YkQrIJGOaNMg6qiXRJDzxecN7BntJYNRE/j0OIhMQ==}
    engines: {node: '>=18.0.0'}

  typescript@5.7.2:
    resolution: {integrity: sha512-i5t66RHxDvVN40HfDd1PsEThGNnlMCMT3jMUuoh9/0TaqWevNontacunWyN02LA9/fIbEWlcHZcgTKb9QoaLfg==}
    engines: {node: '>=14.17'}
    hasBin: true

  undici@7.1.0:
    resolution: {integrity: sha512-3+mdX2R31khuLCm2mKExSlMdJsfol7bJkIMH80tdXA74W34rT1jKemUTlYR7WY3TqsV4wfOgpatWmmB2Jl1+5g==}
    engines: {node: '>=20.18.1'}

  uuid@11.0.3:
    resolution: {integrity: sha512-d0z310fCWv5dJwnX1Y/MncBAqGMKEzlBb1AOf7z9K8ALnd0utBX/msg/fA0+sbyN1ihbMsLhrBlnl1ak7Wa0rg==}
    hasBin: true

snapshots:

  '@types/cie-rgb-color-converter@1.0.0': {}

  cie-rgb-color-converter@1.0.6: {}

  eventsource-parser@3.0.0: {}

  eventsource@3.0.1:
    dependencies:
      eventsource-parser: 3.0.0

  typescript@5.7.2: {}

  undici@7.1.0: {}

  uuid@11.0.3: {}
